
Microsoft Visual Studio Solution File, Format Version 12.00
# Visual Studio Version 16
VisualStudioVersion = 16.0.29326.143
MinimumVisualStudioVersion = 10.0.40219.1
Project("{8BC9CEB8-8B4A-11D0-8D11-00A0C91BC942}") = "steven", "steven.vcxproj", "{05376550-B43A-40B6-99E9-361E168C140A}"
EndProject
Global
	GlobalSection(SolutionConfigurationPlatforms) = preSolution
		Debug|x64 = Debug|x64
		Release|x64 = Release|x64
	EndGlobalSection
	GlobalSection(ProjectConfigurationPlatforms) = postSolution
		{05376550-B43A-40B6-99E9-361E168C140A}.Debug|x64.ActiveCfg = Debug|x64
		{05376550-B43A-40B6-99E9-361E168C140A}.Debug|x64.Build.0 = Debug|x64
		{05376550-B43A-40B6-99E9-361E168C140A}.Debug|x64.Deploy.0 = Debug|x64
		{05376550-B43A-40B6-99E9-361E168C140A}.Release|x64.ActiveCfg = Release|x64
		{05376550-B43A-40B6-99E9-361E168C140A}.Release|x64.Build.0 = Release|x64
		{05376550-B43A-40B6-99E9-361E168C140A}.Release|x64.Deploy.0 = Release|x64
	EndGlobalSection
	GlobalSection(SolutionProperties) = preSolution
		HideSolutionNode = FALSE
	EndGlobalSection
	GlobalSection(ExtensibilityGlobals) = postSolution
		SolutionGuid = {5D81AB8D-8ECE-4FF7-A981-072DD17CA565}
	EndGlobalSection
EndGlobal
